
Microsoft Visual Studio Solution File, Format Version 11.00
# Visual Studio 2010
Project("{FAE04EC0-301F-11D3-BF4B-00C04F79EFBC}") = "Tridion.Extensions.DynamicDelivery.ContentModel", "Tridion.Extensions.DynamicDelivery.ContentModel\Tridion.Extensions.DynamicDelivery.ContentModel.csproj", "{E05E5415-5C3D-48F3-A64D-4861E9D1A471}"
EndProject
Project("{FAE04EC0-301F-11D3-BF4B-00C04F79EFBC}") = "Tridion.Extensions.DynamicDelivery.Templates", "Tridion.Extensions.DynamicDelivery.Templates\Tridion.Extensions.DynamicDelivery.Templates.csproj", "{A77A1A46-00CE-4B5B-9A0A-BB88A324F799}"
EndProject
Global
	GlobalSection(SolutionConfigurationPlatforms) = preSolution
		Debug|Any CPU = Debug|Any CPU
		Release|Any CPU = Release|Any CPU
	EndGlobalSection
	GlobalSection(ProjectConfigurationPlatforms) = postSolution
		{E05E5415-5C3D-48F3-A64D-4861E9D1A471}.Debug|Any CPU.ActiveCfg = Debug|Any CPU
		{E05E5415-5C3D-48F3-A64D-4861E9D1A471}.Debug|Any CPU.Build.0 = Debug|Any CPU
		{E05E5415-5C3D-48F3-A64D-4861E9D1A471}.Release|Any CPU.ActiveCfg = Release|Any CPU
		{E05E5415-5C3D-48F3-A64D-4861E9D1A471}.Release|Any CPU.Build.0 = Release|Any CPU
		{A77A1A46-00CE-4B5B-9A0A-BB88A324F799}.Debug|Any CPU.ActiveCfg = Debug|Any CPU
		{A77A1A46-00CE-4B5B-9A0A-BB88A324F799}.Debug|Any CPU.Build.0 = Debug|Any CPU
		{A77A1A46-00CE-4B5B-9A0A-BB88A324F799}.Release|Any CPU.ActiveCfg = Release|Any CPU
		{A77A1A46-00CE-4B5B-9A0A-BB88A324F799}.Release|Any CPU.Build.0 = Release|Any CPU
	EndGlobalSection
	GlobalSection(SolutionProperties) = preSolution
		HideSolutionNode = FALSE
	EndGlobalSection
EndGlobal
