
Microsoft Visual Studio Solution File, Format Version 11.00
# Visual Studio 2010
Project("{FAE04EC0-301F-11D3-BF4B-00C04F79EFBC}") = "DD4T.Mvc", "DD4T.Mvc\DD4T.Mvc.csproj", "{3AC37BE3-9832-4317-A5E2-2C24C61DECBD}"
EndProject
Project("{FAE04EC0-301F-11D3-BF4B-00C04F79EFBC}") = "DD4T.ContentModel.Contracts", "DD4T.ContentModel.Contracts\DD4T.ContentModel.Contracts.csproj", "{C21F66F0-01CE-4AF3-B76C-CD262B7EA1C0}"
EndProject
Project("{FAE04EC0-301F-11D3-BF4B-00C04F79EFBC}") = "DD4T.ContentModel", "DD4T.ContentModel\DD4T.ContentModel.csproj", "{83F5CFC2-14D5-4190-B51D-7AF7A69B67E9}"
EndProject
Project("{FAE04EC0-301F-11D3-BF4B-00C04F79EFBC}") = "DD4T.Factories", "DD4T.Factories\DD4T.Factories.csproj", "{9E96EFE0-7478-4551-A47A-1F04B9F01DF7}"
EndProject
Project("{FAE04EC0-301F-11D3-BF4B-00C04F79EFBC}") = "DD4T.Providers.SDLTridion2009", "DD4T.Providers.SDLTridion2009\DD4T.Providers.SDLTridion2009.csproj", "{1006F041-AF57-4D53-A98F-C0DB73362251}"
EndProject
Project("{FAE04EC0-301F-11D3-BF4B-00C04F79EFBC}") = "DD4T.Providers.SDLTridion2011", "DD4T.Providers.SDLTridion2011\DD4T.Providers.SDLTridion2011.csproj", "{87720B0B-E333-4937-ABEC-76B07B1BCAB9}"
EndProject
Project("{FAE04EC0-301F-11D3-BF4B-00C04F79EFBC}") = "DD4T.Providers.LocalDatabase", "DD4T.Providers.LocalDatabase\DD4T.Providers.LocalDatabase.csproj", "{0227A3C2-4F9E-4459-A5B8-2E2803F552AB}"
EndProject
Project("{FAE04EC0-301F-11D3-BF4B-00C04F79EFBC}") = "DD4T.Providers.WebService", "DD4T.Providers.WebService\DD4T.Providers.WebService.csproj", "{F3D9A389-D6C7-4E38-A403-F10943541DCB}"
EndProject
Project("{FAE04EC0-301F-11D3-BF4B-00C04F79EFBC}") = "DD4T.Providers.SDLTridion2011sp1", "DD4T.Providers.SDLTridion2011sp1\DD4T.Providers.SDLTridion2011sp1.csproj", "{CBD555B9-CA2F-480B-81C9-8E61D92B0075}"
EndProject
Project("{FAE04EC0-301F-11D3-BF4B-00C04F79EFBC}") = "DD4T.Providers.Test", "DD4T.Providers.Test\DD4T.Providers.Test.csproj", "{899CC432-25D8-4D65-9D98-95D109300127}"
EndProject
Project("{FAE04EC0-301F-11D3-BF4B-00C04F79EFBC}") = "DD4T.Utils", "DD4T.Utils\DD4T.Utils.csproj", "{D2CE08BE-7281-4697-ADFE-E7A031CB59EC}"
EndProject
Project("{FAE04EC0-301F-11D3-BF4B-00C04F79EFBC}") = "DD4T.LogWrappers.Entlib", "DD4T.LogWrappers.Entlib\DD4T.LogWrappers.Entlib.csproj", "{9584E00B-03E2-4909-9384-09B4AAB01AC4}"
EndProject
Global
	GlobalSection(SolutionConfigurationPlatforms) = preSolution
		Debug|Any CPU = Debug|Any CPU
		DebugTridion2011|Any CPU = DebugTridion2011|Any CPU
		Release|Any CPU = Release|Any CPU
		TridionDebug|Any CPU = TridionDebug|Any CPU
	EndGlobalSection
	GlobalSection(ProjectConfigurationPlatforms) = postSolution
		{3AC37BE3-9832-4317-A5E2-2C24C61DECBD}.Debug|Any CPU.ActiveCfg = Debug|Any CPU
		{3AC37BE3-9832-4317-A5E2-2C24C61DECBD}.Debug|Any CPU.Build.0 = Debug|Any CPU
		{3AC37BE3-9832-4317-A5E2-2C24C61DECBD}.DebugTridion2011|Any CPU.ActiveCfg = DebugTridion2011|Any CPU
		{3AC37BE3-9832-4317-A5E2-2C24C61DECBD}.DebugTridion2011|Any CPU.Build.0 = DebugTridion2011|Any CPU
		{3AC37BE3-9832-4317-A5E2-2C24C61DECBD}.Release|Any CPU.ActiveCfg = Release|Any CPU
		{3AC37BE3-9832-4317-A5E2-2C24C61DECBD}.Release|Any CPU.Build.0 = Release|Any CPU
		{3AC37BE3-9832-4317-A5E2-2C24C61DECBD}.TridionDebug|Any CPU.ActiveCfg = TridionDebug|Any CPU
		{3AC37BE3-9832-4317-A5E2-2C24C61DECBD}.TridionDebug|Any CPU.Build.0 = TridionDebug|Any CPU
		{C21F66F0-01CE-4AF3-B76C-CD262B7EA1C0}.Debug|Any CPU.ActiveCfg = Debug|Any CPU
		{C21F66F0-01CE-4AF3-B76C-CD262B7EA1C0}.Debug|Any CPU.Build.0 = Debug|Any CPU
		{C21F66F0-01CE-4AF3-B76C-CD262B7EA1C0}.DebugTridion2011|Any CPU.ActiveCfg = Debug|Any CPU
		{C21F66F0-01CE-4AF3-B76C-CD262B7EA1C0}.DebugTridion2011|Any CPU.Build.0 = Debug|Any CPU
		{C21F66F0-01CE-4AF3-B76C-CD262B7EA1C0}.Release|Any CPU.ActiveCfg = Release|Any CPU
		{C21F66F0-01CE-4AF3-B76C-CD262B7EA1C0}.Release|Any CPU.Build.0 = Release|Any CPU
		{C21F66F0-01CE-4AF3-B76C-CD262B7EA1C0}.TridionDebug|Any CPU.ActiveCfg = Debug|Any CPU
		{C21F66F0-01CE-4AF3-B76C-CD262B7EA1C0}.TridionDebug|Any CPU.Build.0 = Debug|Any CPU
		{83F5CFC2-14D5-4190-B51D-7AF7A69B67E9}.Debug|Any CPU.ActiveCfg = Debug|Any CPU
		{83F5CFC2-14D5-4190-B51D-7AF7A69B67E9}.Debug|Any CPU.Build.0 = Debug|Any CPU
		{83F5CFC2-14D5-4190-B51D-7AF7A69B67E9}.DebugTridion2011|Any CPU.ActiveCfg = Debug|Any CPU
		{83F5CFC2-14D5-4190-B51D-7AF7A69B67E9}.DebugTridion2011|Any CPU.Build.0 = Debug|Any CPU
		{83F5CFC2-14D5-4190-B51D-7AF7A69B67E9}.Release|Any CPU.ActiveCfg = Release|Any CPU
		{83F5CFC2-14D5-4190-B51D-7AF7A69B67E9}.Release|Any CPU.Build.0 = Release|Any CPU
		{83F5CFC2-14D5-4190-B51D-7AF7A69B67E9}.TridionDebug|Any CPU.ActiveCfg = Debug|Any CPU
		{83F5CFC2-14D5-4190-B51D-7AF7A69B67E9}.TridionDebug|Any CPU.Build.0 = Debug|Any CPU
		{9E96EFE0-7478-4551-A47A-1F04B9F01DF7}.Debug|Any CPU.ActiveCfg = Debug|Any CPU
		{9E96EFE0-7478-4551-A47A-1F04B9F01DF7}.Debug|Any CPU.Build.0 = Debug|Any CPU
		{9E96EFE0-7478-4551-A47A-1F04B9F01DF7}.DebugTridion2011|Any CPU.ActiveCfg = DebugTridion2011|Any CPU
		{9E96EFE0-7478-4551-A47A-1F04B9F01DF7}.DebugTridion2011|Any CPU.Build.0 = DebugTridion2011|Any CPU
		{9E96EFE0-7478-4551-A47A-1F04B9F01DF7}.Release|Any CPU.ActiveCfg = Release|Any CPU
		{9E96EFE0-7478-4551-A47A-1F04B9F01DF7}.Release|Any CPU.Build.0 = Release|Any CPU
		{9E96EFE0-7478-4551-A47A-1F04B9F01DF7}.TridionDebug|Any CPU.ActiveCfg = TridionDebug|Any CPU
		{9E96EFE0-7478-4551-A47A-1F04B9F01DF7}.TridionDebug|Any CPU.Build.0 = TridionDebug|Any CPU
		{1006F041-AF57-4D53-A98F-C0DB73362251}.Debug|Any CPU.ActiveCfg = Debug|Any CPU
		{1006F041-AF57-4D53-A98F-C0DB73362251}.Debug|Any CPU.Build.0 = Debug|Any CPU
		{1006F041-AF57-4D53-A98F-C0DB73362251}.DebugTridion2011|Any CPU.ActiveCfg = DebugTridion2011|Any CPU
		{1006F041-AF57-4D53-A98F-C0DB73362251}.DebugTridion2011|Any CPU.Build.0 = DebugTridion2011|Any CPU
		{1006F041-AF57-4D53-A98F-C0DB73362251}.Release|Any CPU.ActiveCfg = Release|Any CPU
		{1006F041-AF57-4D53-A98F-C0DB73362251}.Release|Any CPU.Build.0 = Release|Any CPU
		{1006F041-AF57-4D53-A98F-C0DB73362251}.TridionDebug|Any CPU.ActiveCfg = TridionDebug|Any CPU
		{1006F041-AF57-4D53-A98F-C0DB73362251}.TridionDebug|Any CPU.Build.0 = TridionDebug|Any CPU
		{87720B0B-E333-4937-ABEC-76B07B1BCAB9}.Debug|Any CPU.ActiveCfg = Debug|Any CPU
		{87720B0B-E333-4937-ABEC-76B07B1BCAB9}.Debug|Any CPU.Build.0 = Debug|Any CPU
		{87720B0B-E333-4937-ABEC-76B07B1BCAB9}.DebugTridion2011|Any CPU.ActiveCfg = Debug|Any CPU
		{87720B0B-E333-4937-ABEC-76B07B1BCAB9}.DebugTridion2011|Any CPU.Build.0 = Debug|Any CPU
		{87720B0B-E333-4937-ABEC-76B07B1BCAB9}.Release|Any CPU.ActiveCfg = Release|Any CPU
		{87720B0B-E333-4937-ABEC-76B07B1BCAB9}.Release|Any CPU.Build.0 = Release|Any CPU
		{87720B0B-E333-4937-ABEC-76B07B1BCAB9}.TridionDebug|Any CPU.ActiveCfg = Debug|Any CPU
		{87720B0B-E333-4937-ABEC-76B07B1BCAB9}.TridionDebug|Any CPU.Build.0 = Debug|Any CPU
		{0227A3C2-4F9E-4459-A5B8-2E2803F552AB}.Debug|Any CPU.ActiveCfg = Debug|Any CPU
		{0227A3C2-4F9E-4459-A5B8-2E2803F552AB}.Debug|Any CPU.Build.0 = Debug|Any CPU
		{0227A3C2-4F9E-4459-A5B8-2E2803F552AB}.DebugTridion2011|Any CPU.ActiveCfg = DebugTridion2011|Any CPU
		{0227A3C2-4F9E-4459-A5B8-2E2803F552AB}.DebugTridion2011|Any CPU.Build.0 = DebugTridion2011|Any CPU
		{0227A3C2-4F9E-4459-A5B8-2E2803F552AB}.Release|Any CPU.ActiveCfg = Release|Any CPU
		{0227A3C2-4F9E-4459-A5B8-2E2803F552AB}.Release|Any CPU.Build.0 = Release|Any CPU
		{0227A3C2-4F9E-4459-A5B8-2E2803F552AB}.TridionDebug|Any CPU.ActiveCfg = Debug|Any CPU
		{0227A3C2-4F9E-4459-A5B8-2E2803F552AB}.TridionDebug|Any CPU.Build.0 = Debug|Any CPU
		{F3D9A389-D6C7-4E38-A403-F10943541DCB}.Debug|Any CPU.ActiveCfg = Debug|Any CPU
		{F3D9A389-D6C7-4E38-A403-F10943541DCB}.Debug|Any CPU.Build.0 = Debug|Any CPU
		{F3D9A389-D6C7-4E38-A403-F10943541DCB}.DebugTridion2011|Any CPU.ActiveCfg = Debug|Any CPU
		{F3D9A389-D6C7-4E38-A403-F10943541DCB}.DebugTridion2011|Any CPU.Build.0 = Debug|Any CPU
		{F3D9A389-D6C7-4E38-A403-F10943541DCB}.Release|Any CPU.ActiveCfg = Release|Any CPU
		{F3D9A389-D6C7-4E38-A403-F10943541DCB}.Release|Any CPU.Build.0 = Release|Any CPU
		{F3D9A389-D6C7-4E38-A403-F10943541DCB}.TridionDebug|Any CPU.ActiveCfg = Debug|Any CPU
		{F3D9A389-D6C7-4E38-A403-F10943541DCB}.TridionDebug|Any CPU.Build.0 = Debug|Any CPU
		{CBD555B9-CA2F-480B-81C9-8E61D92B0075}.Debug|Any CPU.ActiveCfg = Debug|Any CPU
		{CBD555B9-CA2F-480B-81C9-8E61D92B0075}.Debug|Any CPU.Build.0 = Debug|Any CPU
		{CBD555B9-CA2F-480B-81C9-8E61D92B0075}.DebugTridion2011|Any CPU.ActiveCfg = Debug|Any CPU
		{CBD555B9-CA2F-480B-81C9-8E61D92B0075}.DebugTridion2011|Any CPU.Build.0 = Debug|Any CPU
		{CBD555B9-CA2F-480B-81C9-8E61D92B0075}.Release|Any CPU.ActiveCfg = Release|Any CPU
		{CBD555B9-CA2F-480B-81C9-8E61D92B0075}.Release|Any CPU.Build.0 = Release|Any CPU
		{CBD555B9-CA2F-480B-81C9-8E61D92B0075}.TridionDebug|Any CPU.ActiveCfg = Debug|Any CPU
		{CBD555B9-CA2F-480B-81C9-8E61D92B0075}.TridionDebug|Any CPU.Build.0 = Debug|Any CPU
		{899CC432-25D8-4D65-9D98-95D109300127}.Debug|Any CPU.ActiveCfg = Debug|Any CPU
		{899CC432-25D8-4D65-9D98-95D109300127}.Debug|Any CPU.Build.0 = Debug|Any CPU
		{899CC432-25D8-4D65-9D98-95D109300127}.DebugTridion2011|Any CPU.ActiveCfg = Debug|Any CPU
		{899CC432-25D8-4D65-9D98-95D109300127}.DebugTridion2011|Any CPU.Build.0 = Debug|Any CPU
		{899CC432-25D8-4D65-9D98-95D109300127}.Release|Any CPU.ActiveCfg = Release|Any CPU
		{899CC432-25D8-4D65-9D98-95D109300127}.Release|Any CPU.Build.0 = Release|Any CPU
		{899CC432-25D8-4D65-9D98-95D109300127}.TridionDebug|Any CPU.ActiveCfg = Debug|Any CPU
		{899CC432-25D8-4D65-9D98-95D109300127}.TridionDebug|Any CPU.Build.0 = Debug|Any CPU
		{D2CE08BE-7281-4697-ADFE-E7A031CB59EC}.Debug|Any CPU.ActiveCfg = Debug|Any CPU
		{D2CE08BE-7281-4697-ADFE-E7A031CB59EC}.Debug|Any CPU.Build.0 = Debug|Any CPU
		{D2CE08BE-7281-4697-ADFE-E7A031CB59EC}.DebugTridion2011|Any CPU.ActiveCfg = Debug|Any CPU
		{D2CE08BE-7281-4697-ADFE-E7A031CB59EC}.DebugTridion2011|Any CPU.Build.0 = Debug|Any CPU
		{D2CE08BE-7281-4697-ADFE-E7A031CB59EC}.Release|Any CPU.ActiveCfg = Release|Any CPU
		{D2CE08BE-7281-4697-ADFE-E7A031CB59EC}.Release|Any CPU.Build.0 = Release|Any CPU
		{D2CE08BE-7281-4697-ADFE-E7A031CB59EC}.TridionDebug|Any CPU.ActiveCfg = Debug|Any CPU
		{D2CE08BE-7281-4697-ADFE-E7A031CB59EC}.TridionDebug|Any CPU.Build.0 = Debug|Any CPU
		{9584E00B-03E2-4909-9384-09B4AAB01AC4}.Debug|Any CPU.ActiveCfg = Debug|Any CPU
		{9584E00B-03E2-4909-9384-09B4AAB01AC4}.Debug|Any CPU.Build.0 = Debug|Any CPU
		{9584E00B-03E2-4909-9384-09B4AAB01AC4}.DebugTridion2011|Any CPU.ActiveCfg = Debug|Any CPU
		{9584E00B-03E2-4909-9384-09B4AAB01AC4}.DebugTridion2011|Any CPU.Build.0 = Debug|Any CPU
		{9584E00B-03E2-4909-9384-09B4AAB01AC4}.Release|Any CPU.ActiveCfg = Release|Any CPU
		{9584E00B-03E2-4909-9384-09B4AAB01AC4}.Release|Any CPU.Build.0 = Release|Any CPU
		{9584E00B-03E2-4909-9384-09B4AAB01AC4}.TridionDebug|Any CPU.ActiveCfg = Debug|Any CPU
		{9584E00B-03E2-4909-9384-09B4AAB01AC4}.TridionDebug|Any CPU.Build.0 = Debug|Any CPU
	EndGlobalSection
	GlobalSection(SolutionProperties) = preSolution
		HideSolutionNode = FALSE
	EndGlobalSection
	GlobalSection(ExtensibilityGlobals) = postSolution
		EnterpriseLibraryConfigurationToolBinariesPath = packages\Unity.2.1.505.0\lib\NET35
	EndGlobalSection
EndGlobal
