
Microsoft Visual Studio Solution File, Format Version 11.00
# Visual Studio 2010
Project("{FAE04EC0-301F-11D3-BF4B-00C04F79EFBC}") = "DD4T.ContentModel.Contracts", "DD4T.ContentModel.Contracts\DD4T.ContentModel.Contracts.csproj", "{C21F66F0-01CE-4AF3-B76C-CD262B7EA1C0}"
EndProject
Project("{FAE04EC0-301F-11D3-BF4B-00C04F79EFBC}") = "DD4T.ContentModel", "DD4T.ContentModel\DD4T.ContentModel.csproj", "{83F5CFC2-14D5-4190-B51D-7AF7A69B67E9}"
EndProject
Project("{FAE04EC0-301F-11D3-BF4B-00C04F79EFBC}") = "DD4T.Templates.Base", "DD4T.Templates.Base\DD4T.Templates.Base.csproj", "{B52EEF88-CDA2-41A8-84F9-7C5CDA4245BF}"
EndProject
Project("{FAE04EC0-301F-11D3-BF4B-00C04F79EFBC}") = "DD4T.Templates", "DD4T.Templates\DD4T.Templates.csproj", "{83682E54-4314-4922-9D1A-62A69EFED674}"
EndProject
Project("{2150E333-8FDC-42A3-9474-1A3956D46DE8}") = "Dynamic Delivery Publishing Solution Items", "Dynamic Delivery Publishing Solution Items", "{DB974FDB-3490-4356-BB72-876E5185A973}"
	ProjectSection(SolutionItems) = preProject
		Dynamic Delivery Publishing Solution Items\AssemblyInfo.cs = Dynamic Delivery Publishing Solution Items\AssemblyInfo.cs
		Dynamic Delivery Publishing Solution Items\dynamicdelivery.snk = Dynamic Delivery Publishing Solution Items\dynamicdelivery.snk
		..\dependencies\Tridion tools\TcmUploadAssembly.exe = ..\dependencies\Tridion tools\TcmUploadAssembly.exe
	EndProjectSection
EndProject
Project("{54435603-DBB4-11D2-8724-00A0C9A8B90C}") = "DD4T.Templates.Installer", "DD4T.Templates.Installer\DD4T.Templates.Installer.vdproj", "{87372FAF-E41B-4177-B6E8-89CD2C4E57B3}"
EndProject
Project("{FAE04EC0-301F-11D3-BF4B-00C04F79EFBC}") = "DD4T.Templates.Installer.CustomActions", "DD4T.Templates.Installer.CustomActions\DD4T.Templates.Installer.CustomActions.csproj", "{F0C03A14-CF4A-4E77-BBF7-F881BF70FB95}"
EndProject
Project("{FAE04EC0-301F-11D3-BF4B-00C04F79EFBC}") = "DD4T.Serialization", "DD4T.Serialization\DD4T.Serialization.csproj", "{849A21D3-5863-4C43-98D3-6B8B83B9300F}"
EndProject
Global
	GlobalSection(SubversionScc) = preSolution
		Svn-Managed = True
		Manager = AnkhSVN - Subversion Support for Visual Studio
	EndGlobalSection
	GlobalSection(SolutionConfigurationPlatforms) = preSolution
		Debug|Any CPU = Debug|Any CPU
		Debug|Mixed Platforms = Debug|Mixed Platforms
		Debug|x86 = Debug|x86
		JSON|Any CPU = JSON|Any CPU
		JSON|Mixed Platforms = JSON|Mixed Platforms
		JSON|x86 = JSON|x86
		Release|Any CPU = Release|Any CPU
		Release|Mixed Platforms = Release|Mixed Platforms
		Release|x86 = Release|x86
	EndGlobalSection
	GlobalSection(ProjectConfigurationPlatforms) = postSolution
		{C21F66F0-01CE-4AF3-B76C-CD262B7EA1C0}.Debug|Any CPU.ActiveCfg = Debug|Any CPU
		{C21F66F0-01CE-4AF3-B76C-CD262B7EA1C0}.Debug|Any CPU.Build.0 = Debug|Any CPU
		{C21F66F0-01CE-4AF3-B76C-CD262B7EA1C0}.Debug|Mixed Platforms.ActiveCfg = Debug|Any CPU
		{C21F66F0-01CE-4AF3-B76C-CD262B7EA1C0}.Debug|Mixed Platforms.Build.0 = Debug|Any CPU
		{C21F66F0-01CE-4AF3-B76C-CD262B7EA1C0}.Debug|x86.ActiveCfg = Debug|Any CPU
		{C21F66F0-01CE-4AF3-B76C-CD262B7EA1C0}.JSON|Any CPU.ActiveCfg = JSON|Any CPU
		{C21F66F0-01CE-4AF3-B76C-CD262B7EA1C0}.JSON|Any CPU.Build.0 = JSON|Any CPU
		{C21F66F0-01CE-4AF3-B76C-CD262B7EA1C0}.JSON|Mixed Platforms.ActiveCfg = JSON|Any CPU
		{C21F66F0-01CE-4AF3-B76C-CD262B7EA1C0}.JSON|Mixed Platforms.Build.0 = JSON|Any CPU
		{C21F66F0-01CE-4AF3-B76C-CD262B7EA1C0}.JSON|x86.ActiveCfg = JSON|Any CPU
		{C21F66F0-01CE-4AF3-B76C-CD262B7EA1C0}.Release|Any CPU.ActiveCfg = Release|Any CPU
		{C21F66F0-01CE-4AF3-B76C-CD262B7EA1C0}.Release|Any CPU.Build.0 = Release|Any CPU
		{C21F66F0-01CE-4AF3-B76C-CD262B7EA1C0}.Release|Mixed Platforms.ActiveCfg = Release|Any CPU
		{C21F66F0-01CE-4AF3-B76C-CD262B7EA1C0}.Release|Mixed Platforms.Build.0 = Release|Any CPU
		{C21F66F0-01CE-4AF3-B76C-CD262B7EA1C0}.Release|x86.ActiveCfg = Release|Any CPU
		{83F5CFC2-14D5-4190-B51D-7AF7A69B67E9}.Debug|Any CPU.ActiveCfg = Debug|Any CPU
		{83F5CFC2-14D5-4190-B51D-7AF7A69B67E9}.Debug|Any CPU.Build.0 = Debug|Any CPU
		{83F5CFC2-14D5-4190-B51D-7AF7A69B67E9}.Debug|Mixed Platforms.ActiveCfg = Debug|Any CPU
		{83F5CFC2-14D5-4190-B51D-7AF7A69B67E9}.Debug|Mixed Platforms.Build.0 = Debug|Any CPU
		{83F5CFC2-14D5-4190-B51D-7AF7A69B67E9}.Debug|x86.ActiveCfg = Debug|Any CPU
		{83F5CFC2-14D5-4190-B51D-7AF7A69B67E9}.JSON|Any CPU.ActiveCfg = JSON|Any CPU
		{83F5CFC2-14D5-4190-B51D-7AF7A69B67E9}.JSON|Any CPU.Build.0 = JSON|Any CPU
		{83F5CFC2-14D5-4190-B51D-7AF7A69B67E9}.JSON|Mixed Platforms.ActiveCfg = JSON|Any CPU
		{83F5CFC2-14D5-4190-B51D-7AF7A69B67E9}.JSON|Mixed Platforms.Build.0 = JSON|Any CPU
		{83F5CFC2-14D5-4190-B51D-7AF7A69B67E9}.JSON|x86.ActiveCfg = JSON|Any CPU
		{83F5CFC2-14D5-4190-B51D-7AF7A69B67E9}.Release|Any CPU.ActiveCfg = Release|Any CPU
		{83F5CFC2-14D5-4190-B51D-7AF7A69B67E9}.Release|Any CPU.Build.0 = Release|Any CPU
		{83F5CFC2-14D5-4190-B51D-7AF7A69B67E9}.Release|Mixed Platforms.ActiveCfg = Release|Any CPU
		{83F5CFC2-14D5-4190-B51D-7AF7A69B67E9}.Release|Mixed Platforms.Build.0 = Release|Any CPU
		{83F5CFC2-14D5-4190-B51D-7AF7A69B67E9}.Release|x86.ActiveCfg = Release|Any CPU
		{B52EEF88-CDA2-41A8-84F9-7C5CDA4245BF}.Debug|Any CPU.ActiveCfg = Debug|Any CPU
		{B52EEF88-CDA2-41A8-84F9-7C5CDA4245BF}.Debug|Any CPU.Build.0 = Debug|Any CPU
		{B52EEF88-CDA2-41A8-84F9-7C5CDA4245BF}.Debug|Mixed Platforms.ActiveCfg = Debug|Any CPU
		{B52EEF88-CDA2-41A8-84F9-7C5CDA4245BF}.Debug|Mixed Platforms.Build.0 = Debug|Any CPU
		{B52EEF88-CDA2-41A8-84F9-7C5CDA4245BF}.Debug|x86.ActiveCfg = Debug|Any CPU
		{B52EEF88-CDA2-41A8-84F9-7C5CDA4245BF}.JSON|Any CPU.ActiveCfg = JSON|Any CPU
		{B52EEF88-CDA2-41A8-84F9-7C5CDA4245BF}.JSON|Any CPU.Build.0 = JSON|Any CPU
		{B52EEF88-CDA2-41A8-84F9-7C5CDA4245BF}.JSON|Mixed Platforms.ActiveCfg = JSON|Any CPU
		{B52EEF88-CDA2-41A8-84F9-7C5CDA4245BF}.JSON|Mixed Platforms.Build.0 = JSON|Any CPU
		{B52EEF88-CDA2-41A8-84F9-7C5CDA4245BF}.JSON|x86.ActiveCfg = JSON|Any CPU
		{B52EEF88-CDA2-41A8-84F9-7C5CDA4245BF}.Release|Any CPU.ActiveCfg = Release|Any CPU
		{B52EEF88-CDA2-41A8-84F9-7C5CDA4245BF}.Release|Any CPU.Build.0 = Release|Any CPU
		{B52EEF88-CDA2-41A8-84F9-7C5CDA4245BF}.Release|Mixed Platforms.ActiveCfg = Release|Any CPU
		{B52EEF88-CDA2-41A8-84F9-7C5CDA4245BF}.Release|Mixed Platforms.Build.0 = Release|Any CPU
		{B52EEF88-CDA2-41A8-84F9-7C5CDA4245BF}.Release|x86.ActiveCfg = Release|Any CPU
		{83682E54-4314-4922-9D1A-62A69EFED674}.Debug|Any CPU.ActiveCfg = Debug|Any CPU
		{83682E54-4314-4922-9D1A-62A69EFED674}.Debug|Any CPU.Build.0 = Debug|Any CPU
		{83682E54-4314-4922-9D1A-62A69EFED674}.Debug|Mixed Platforms.ActiveCfg = Debug|Any CPU
		{83682E54-4314-4922-9D1A-62A69EFED674}.Debug|Mixed Platforms.Build.0 = Debug|Any CPU
		{83682E54-4314-4922-9D1A-62A69EFED674}.Debug|x86.ActiveCfg = Debug|Any CPU
		{83682E54-4314-4922-9D1A-62A69EFED674}.JSON|Any CPU.ActiveCfg = JSON|Any CPU
		{83682E54-4314-4922-9D1A-62A69EFED674}.JSON|Any CPU.Build.0 = JSON|Any CPU
		{83682E54-4314-4922-9D1A-62A69EFED674}.JSON|Mixed Platforms.ActiveCfg = JSON|Any CPU
		{83682E54-4314-4922-9D1A-62A69EFED674}.JSON|Mixed Platforms.Build.0 = JSON|Any CPU
		{83682E54-4314-4922-9D1A-62A69EFED674}.JSON|x86.ActiveCfg = JSON|Any CPU
		{83682E54-4314-4922-9D1A-62A69EFED674}.Release|Any CPU.ActiveCfg = Release|Any CPU
		{83682E54-4314-4922-9D1A-62A69EFED674}.Release|Any CPU.Build.0 = Release|Any CPU
		{83682E54-4314-4922-9D1A-62A69EFED674}.Release|Mixed Platforms.ActiveCfg = Release|Any CPU
		{83682E54-4314-4922-9D1A-62A69EFED674}.Release|Mixed Platforms.Build.0 = Release|Any CPU
		{83682E54-4314-4922-9D1A-62A69EFED674}.Release|x86.ActiveCfg = Release|Any CPU
		{87372FAF-E41B-4177-B6E8-89CD2C4E57B3}.Debug|Any CPU.ActiveCfg = Debug
		{87372FAF-E41B-4177-B6E8-89CD2C4E57B3}.Debug|Mixed Platforms.ActiveCfg = Debug
		{87372FAF-E41B-4177-B6E8-89CD2C4E57B3}.Debug|Mixed Platforms.Build.0 = Debug
		{87372FAF-E41B-4177-B6E8-89CD2C4E57B3}.Debug|x86.ActiveCfg = Debug
		{87372FAF-E41B-4177-B6E8-89CD2C4E57B3}.Debug|x86.Build.0 = Debug
		{87372FAF-E41B-4177-B6E8-89CD2C4E57B3}.JSON|Any CPU.ActiveCfg = JSON
		{87372FAF-E41B-4177-B6E8-89CD2C4E57B3}.JSON|Any CPU.Build.0 = JSON
		{87372FAF-E41B-4177-B6E8-89CD2C4E57B3}.JSON|Mixed Platforms.ActiveCfg = JSON
		{87372FAF-E41B-4177-B6E8-89CD2C4E57B3}.JSON|Mixed Platforms.Build.0 = JSON
		{87372FAF-E41B-4177-B6E8-89CD2C4E57B3}.JSON|x86.ActiveCfg = JSON
		{87372FAF-E41B-4177-B6E8-89CD2C4E57B3}.JSON|x86.Build.0 = JSON
		{87372FAF-E41B-4177-B6E8-89CD2C4E57B3}.Release|Any CPU.ActiveCfg = Release
		{87372FAF-E41B-4177-B6E8-89CD2C4E57B3}.Release|Mixed Platforms.ActiveCfg = Release
		{87372FAF-E41B-4177-B6E8-89CD2C4E57B3}.Release|Mixed Platforms.Build.0 = Release
		{87372FAF-E41B-4177-B6E8-89CD2C4E57B3}.Release|x86.ActiveCfg = Release
		{87372FAF-E41B-4177-B6E8-89CD2C4E57B3}.Release|x86.Build.0 = Release
		{F0C03A14-CF4A-4E77-BBF7-F881BF70FB95}.Debug|Any CPU.ActiveCfg = Debug|Any CPU
		{F0C03A14-CF4A-4E77-BBF7-F881BF70FB95}.Debug|Any CPU.Build.0 = Debug|Any CPU
		{F0C03A14-CF4A-4E77-BBF7-F881BF70FB95}.Debug|Mixed Platforms.ActiveCfg = Debug|Any CPU
		{F0C03A14-CF4A-4E77-BBF7-F881BF70FB95}.Debug|Mixed Platforms.Build.0 = Debug|Any CPU
		{F0C03A14-CF4A-4E77-BBF7-F881BF70FB95}.Debug|x86.ActiveCfg = Debug|Any CPU
		{F0C03A14-CF4A-4E77-BBF7-F881BF70FB95}.JSON|Any CPU.ActiveCfg = JSON|Any CPU
		{F0C03A14-CF4A-4E77-BBF7-F881BF70FB95}.JSON|Any CPU.Build.0 = JSON|Any CPU
		{F0C03A14-CF4A-4E77-BBF7-F881BF70FB95}.JSON|Mixed Platforms.ActiveCfg = JSON|Any CPU
		{F0C03A14-CF4A-4E77-BBF7-F881BF70FB95}.JSON|Mixed Platforms.Build.0 = JSON|Any CPU
		{F0C03A14-CF4A-4E77-BBF7-F881BF70FB95}.JSON|x86.ActiveCfg = JSON|Any CPU
		{F0C03A14-CF4A-4E77-BBF7-F881BF70FB95}.Release|Any CPU.ActiveCfg = Release|Any CPU
		{F0C03A14-CF4A-4E77-BBF7-F881BF70FB95}.Release|Any CPU.Build.0 = Release|Any CPU
		{F0C03A14-CF4A-4E77-BBF7-F881BF70FB95}.Release|Mixed Platforms.ActiveCfg = Release|Any CPU
		{F0C03A14-CF4A-4E77-BBF7-F881BF70FB95}.Release|Mixed Platforms.Build.0 = Release|Any CPU
		{F0C03A14-CF4A-4E77-BBF7-F881BF70FB95}.Release|x86.ActiveCfg = Release|Any CPU
		{849A21D3-5863-4C43-98D3-6B8B83B9300F}.Debug|Any CPU.ActiveCfg = Debug|Any CPU
		{849A21D3-5863-4C43-98D3-6B8B83B9300F}.Debug|Any CPU.Build.0 = Debug|Any CPU
		{849A21D3-5863-4C43-98D3-6B8B83B9300F}.Debug|Mixed Platforms.ActiveCfg = Debug|Any CPU
		{849A21D3-5863-4C43-98D3-6B8B83B9300F}.Debug|Mixed Platforms.Build.0 = Debug|Any CPU
		{849A21D3-5863-4C43-98D3-6B8B83B9300F}.Debug|x86.ActiveCfg = Debug|Any CPU
		{849A21D3-5863-4C43-98D3-6B8B83B9300F}.JSON|Any CPU.ActiveCfg = Release|Any CPU
		{849A21D3-5863-4C43-98D3-6B8B83B9300F}.JSON|Any CPU.Build.0 = Release|Any CPU
		{849A21D3-5863-4C43-98D3-6B8B83B9300F}.JSON|Mixed Platforms.ActiveCfg = Release|Any CPU
		{849A21D3-5863-4C43-98D3-6B8B83B9300F}.JSON|Mixed Platforms.Build.0 = Release|Any CPU
		{849A21D3-5863-4C43-98D3-6B8B83B9300F}.JSON|x86.ActiveCfg = Release|Any CPU
		{849A21D3-5863-4C43-98D3-6B8B83B9300F}.Release|Any CPU.ActiveCfg = Release|Any CPU
		{849A21D3-5863-4C43-98D3-6B8B83B9300F}.Release|Any CPU.Build.0 = Release|Any CPU
		{849A21D3-5863-4C43-98D3-6B8B83B9300F}.Release|Mixed Platforms.ActiveCfg = Release|Any CPU
		{849A21D3-5863-4C43-98D3-6B8B83B9300F}.Release|Mixed Platforms.Build.0 = Release|Any CPU
		{849A21D3-5863-4C43-98D3-6B8B83B9300F}.Release|x86.ActiveCfg = Release|Any CPU
	EndGlobalSection
	GlobalSection(SolutionProperties) = preSolution
		HideSolutionNode = FALSE
	EndGlobalSection
EndGlobal
