
Microsoft Visual Studio Solution File, Format Version 11.00
# Visual Studio 2010
Project("{FAE04EC0-301F-11D3-BF4B-00C04F79EFBC}") = "Sample.Web.Site.Corporate", "Sample.Web.Site.Corporate\Sample.Web.Site.Corporate.csproj", "{32D2CD99-D671-463A-B8FD-7D52C1C449A7}"
EndProject
Project("{2150E333-8FDC-42A3-9474-1A3956D46DE8}") = "Sample.Web.Site", "Sample.Web.Site", "{192A0B87-DAEF-4166-98D9-E2C61B0B6641}"
	ProjectSection(SolutionItems) = preProject
		Sample.Web.Site\page.xml = Sample.Web.Site\page.xml
		README.txt = README.txt
		Sample.Web.Site\testPreview.vbs = Sample.Web.Site\testPreview.vbs
	EndProjectSection
EndProject
Project("{FAE04EC0-301F-11D3-BF4B-00C04F79EFBC}") = "Sample.Web.Mvc", "Sample.Web.Mvc\Sample.Web.Mvc.csproj", "{688354A0-541C-46B2-863C-A1CC4A69FF09}"
EndProject
Global
	GlobalSection(SolutionConfigurationPlatforms) = preSolution
		Debug|Any CPU = Debug|Any CPU
		DebugTridion2011|Any CPU = DebugTridion2011|Any CPU
		Release|Any CPU = Release|Any CPU
		TridionDebug|Any CPU = TridionDebug|Any CPU
	EndGlobalSection
	GlobalSection(ProjectConfigurationPlatforms) = postSolution
		{32D2CD99-D671-463A-B8FD-7D52C1C449A7}.Debug|Any CPU.ActiveCfg = Debug|Any CPU
		{32D2CD99-D671-463A-B8FD-7D52C1C449A7}.Debug|Any CPU.Build.0 = Debug|Any CPU
		{32D2CD99-D671-463A-B8FD-7D52C1C449A7}.DebugTridion2011|Any CPU.ActiveCfg = Debug|Any CPU
		{32D2CD99-D671-463A-B8FD-7D52C1C449A7}.DebugTridion2011|Any CPU.Build.0 = Debug|Any CPU
		{32D2CD99-D671-463A-B8FD-7D52C1C449A7}.Release|Any CPU.ActiveCfg = Release|Any CPU
		{32D2CD99-D671-463A-B8FD-7D52C1C449A7}.Release|Any CPU.Build.0 = Release|Any CPU
		{32D2CD99-D671-463A-B8FD-7D52C1C449A7}.TridionDebug|Any CPU.ActiveCfg = Debug|Any CPU
		{32D2CD99-D671-463A-B8FD-7D52C1C449A7}.TridionDebug|Any CPU.Build.0 = Debug|Any CPU
		{688354A0-541C-46B2-863C-A1CC4A69FF09}.Debug|Any CPU.ActiveCfg = Debug|Any CPU
		{688354A0-541C-46B2-863C-A1CC4A69FF09}.Debug|Any CPU.Build.0 = Debug|Any CPU
		{688354A0-541C-46B2-863C-A1CC4A69FF09}.DebugTridion2011|Any CPU.ActiveCfg = Debug|Any CPU
		{688354A0-541C-46B2-863C-A1CC4A69FF09}.DebugTridion2011|Any CPU.Build.0 = Debug|Any CPU
		{688354A0-541C-46B2-863C-A1CC4A69FF09}.Release|Any CPU.ActiveCfg = Release|Any CPU
		{688354A0-541C-46B2-863C-A1CC4A69FF09}.Release|Any CPU.Build.0 = Release|Any CPU
		{688354A0-541C-46B2-863C-A1CC4A69FF09}.TridionDebug|Any CPU.ActiveCfg = Debug|Any CPU
		{688354A0-541C-46B2-863C-A1CC4A69FF09}.TridionDebug|Any CPU.Build.0 = Debug|Any CPU
	EndGlobalSection
	GlobalSection(SolutionProperties) = preSolution
		HideSolutionNode = FALSE
	EndGlobalSection
EndGlobal
